// !$*UTF8*$!
{
	archiveVersion = 1;
	classes = {
	};
	objectVersion = 46;
	objects = {

/* Begin PBXBuildFile section */
		5204BB811D4A79240045B1BA /* AppDelegate.swift in Sources */ = {isa = PBXBuildFile; fileRef = 5204BB801D4A79240045B1BA /* AppDelegate.swift */; };
		5204BB861D4A79240045B1BA /* Main.storyboard in Resources */ = {isa = PBXBuildFile; fileRef = 5204BB841D4A79240045B1BA /* Main.storyboard */; };
		5204BB881D4A79240045B1BA /* Assets.xcassets in Resources */ = {isa = PBXBuildFile; fileRef = 5204BB871D4A79240045B1BA /* Assets.xcassets */; };
		5204BB8B1D4A79240045B1BA /* LaunchScreen.storyboard in Resources */ = {isa = PBXBuildFile; fileRef = 5204BB891D4A79240045B1BA /* LaunchScreen.storyboard */; };
		5204BB961D4A79240045B1BA /* JLDishwashersTests.swift in Sources */ = {isa = PBXBuildFile; fileRef = 5204BB951D4A79240045B1BA /* JLDishwashersTests.swift */; };
		5204BBA31D4A80B20045B1BA /* Product.swift in Sources */ = {isa = PBXBuildFile; fileRef = 5204BBA21D4A80B20045B1BA /* Product.swift */; };
		5204BBA51D4A81050045B1BA /* Price.swift in Sources */ = {isa = PBXBuildFile; fileRef = 5204BBA41D4A81050045B1BA /* Price.swift */; };
		5204BBA71D4A83370045B1BA /* ModelTestCase.swift in Sources */ = {isa = PBXBuildFile; fileRef = 5204BBA61D4A83370045B1BA /* ModelTestCase.swift */; };
		520BAA601D4B3113005AB1F6 /* NetworkController.swift in Sources */ = {isa = PBXBuildFile; fileRef = 520BAA5F1D4B3113005AB1F6 /* NetworkController.swift */; };
		520BAA631D4B3251005AB1F6 /* DishwasherCollectionViewController.swift in Sources */ = {isa = PBXBuildFile; fileRef = 520BAA621D4B3251005AB1F6 /* DishwasherCollectionViewController.swift */; };
		52B872211D4C9D200056CCA9 /* NetworkTestCase.swift in Sources */ = {isa = PBXBuildFile; fileRef = 52B872201D4C9D200056CCA9 /* NetworkTestCase.swift */; };
		52B872241D4CA2210056CCA9 /* DishwasherCollectionViewCell.swift in Sources */ = {isa = PBXBuildFile; fileRef = 52B872231D4CA2210056CCA9 /* DishwasherCollectionViewCell.swift */; };
		A1EAF9F0DC5B247F19CACBE6 /* Pods_JLDishwashers.framework in Frameworks */ = {isa = PBXBuildFile; fileRef = 22386EE7EEC5C9FC826C27B9 /* Pods_JLDishwashers.framework */; };
/* End PBXBuildFile section */

/* Begin PBXContainerItemProxy section */
		5204BB921D4A79240045B1BA /* PBXContainerItemProxy */ = {
			isa = PBXContainerItemProxy;
			containerPortal = 5204BB751D4A79240045B1BA /* Project object */;
			proxyType = 1;
			remoteGlobalIDString = 5204BB7C1D4A79240045B1BA;
			remoteInfo = JLDishwashers;
		};
/* End PBXContainerItemProxy section */

/* Begin PBXFileReference section */
		16C70386E05236977F17D4C9 /* Pods-JLDishwashers.release.xcconfig */ = {isa = PBXFileReference; includeInIndex = 1; lastKnownFileType = text.xcconfig; name = "Pods-JLDishwashers.release.xcconfig"; path = "Pods/Target Support Files/Pods-JLDishwashers/Pods-JLDishwashers.release.xcconfig"; sourceTree = "<group>"; };
		22386EE7EEC5C9FC826C27B9 /* Pods_JLDishwashers.framework */ = {isa = PBXFileReference; explicitFileType = wrapper.framework; includeInIndex = 0; path = Pods_JLDishwashers.framework; sourceTree = BUILT_PRODUCTS_DIR; };
		5204BB7D1D4A79240045B1BA /* JLDishwashers.app */ = {isa = PBXFileReference; explicitFileType = wrapper.application; includeInIndex = 0; path = JLDishwashers.app; sourceTree = BUILT_PRODUCTS_DIR; };
		5204BB801D4A79240045B1BA /* AppDelegate.swift */ = {isa = PBXFileReference; lastKnownFileType = sourcecode.swift; path = AppDelegate.swift; sourceTree = "<group>"; };
		5204BB851D4A79240045B1BA /* Base */ = {isa = PBXFileReference; lastKnownFileType = file.storyboard; name = Base; path = Base.lproj/Main.storyboard; sourceTree = "<group>"; };
		5204BB871D4A79240045B1BA /* Assets.xcassets */ = {isa = PBXFileReference; lastKnownFileType = folder.assetcatalog; path = Assets.xcassets; sourceTree = "<group>"; };
		5204BB8A1D4A79240045B1BA /* Base */ = {isa = PBXFileReference; lastKnownFileType = file.storyboard; name = Base; path = Base.lproj/LaunchScreen.storyboard; sourceTree = "<group>"; };
		5204BB8C1D4A79240045B1BA /* Info.plist */ = {isa = PBXFileReference; lastKnownFileType = text.plist.xml; path = Info.plist; sourceTree = "<group>"; };
		5204BB911D4A79240045B1BA /* JLDishwashersTests.xctest */ = {isa = PBXFileReference; explicitFileType = wrapper.cfbundle; includeInIndex = 0; path = JLDishwashersTests.xctest; sourceTree = BUILT_PRODUCTS_DIR; };
		5204BB951D4A79240045B1BA /* JLDishwashersTests.swift */ = {isa = PBXFileReference; lastKnownFileType = sourcecode.swift; path = JLDishwashersTests.swift; sourceTree = "<group>"; };
		5204BB971D4A79240045B1BA /* Info.plist */ = {isa = PBXFileReference; lastKnownFileType = text.plist.xml; path = Info.plist; sourceTree = "<group>"; };
		5204BBA21D4A80B20045B1BA /* Product.swift */ = {isa = PBXFileReference; fileEncoding = 4; lastKnownFileType = sourcecode.swift; name = Product.swift; path = Model/Product.swift; sourceTree = "<group>"; };
		5204BBA41D4A81050045B1BA /* Price.swift */ = {isa = PBXFileReference; fileEncoding = 4; lastKnownFileType = sourcecode.swift; name = Price.swift; path = Model/Price.swift; sourceTree = "<group>"; };
		5204BBA61D4A83370045B1BA /* ModelTestCase.swift */ = {isa = PBXFileReference; fileEncoding = 4; lastKnownFileType = sourcecode.swift; path = ModelTestCase.swift; sourceTree = "<group>"; };
		520BAA5F1D4B3113005AB1F6 /* NetworkController.swift */ = {isa = PBXFileReference; fileEncoding = 4; lastKnownFileType = sourcecode.swift; name = NetworkController.swift; path = Network/NetworkController.swift; sourceTree = "<group>"; };
		520BAA621D4B3251005AB1F6 /* DishwasherCollectionViewController.swift */ = {isa = PBXFileReference; fileEncoding = 4; lastKnownFileType = sourcecode.swift; name = DishwasherCollectionViewController.swift; path = ViewController/DishwasherCollectionViewController.swift; sourceTree = "<group>"; };
		52B872201D4C9D200056CCA9 /* NetworkTestCase.swift */ = {isa = PBXFileReference; fileEncoding = 4; lastKnownFileType = sourcecode.swift; path = NetworkTestCase.swift; sourceTree = "<group>"; };
		52B872231D4CA2210056CCA9 /* DishwasherCollectionViewCell.swift */ = {isa = PBXFileReference; fileEncoding = 4; lastKnownFileType = sourcecode.swift; name = DishwasherCollectionViewCell.swift; path = ViewController/CollectionViewCell/DishwasherCollectionViewCell.swift; sourceTree = "<group>"; };
		B4B1180490DAA17F9ACA9B66 /* Pods-JLDishwashers.debug.xcconfig */ = {isa = PBXFileReference; includeInIndex = 1; lastKnownFileType = text.xcconfig; name = "Pods-JLDishwashers.debug.xcconfig"; path = "Pods/Target Support Files/Pods-JLDishwashers/Pods-JLDishwashers.debug.xcconfig"; sourceTree = "<group>"; };
/* End PBXFileReference section */

/* Begin PBXFrameworksBuildPhase section */
		5204BB7A1D4A79240045B1BA /* Frameworks */ = {
			isa = PBXFrameworksBuildPhase;
			buildActionMask = 2147483647;
			files = (
				A1EAF9F0DC5B247F19CACBE6 /* Pods_JLDishwashers.framework in Frameworks */,
			);
			runOnlyForDeploymentPostprocessing = 0;
		};
		5204BB8E1D4A79240045B1BA /* Frameworks */ = {
			isa = PBXFrameworksBuildPhase;
			buildActionMask = 2147483647;
			files = (
			);
			runOnlyForDeploymentPostprocessing = 0;
		};
/* End PBXFrameworksBuildPhase section */

/* Begin PBXGroup section */
		3C2E089C3B8429BBF15F0DE8 /* Frameworks */ = {
			isa = PBXGroup;
			children = (
				22386EE7EEC5C9FC826C27B9 /* Pods_JLDishwashers.framework */,
			);
			name = Frameworks;
			sourceTree = "<group>";
		};
		5204BB741D4A79240045B1BA = {
			isa = PBXGroup;
			children = (
				5204BB7F1D4A79240045B1BA /* JLDishwashers */,
				5204BB941D4A79240045B1BA /* JLDishwashersTests */,
				5204BB7E1D4A79240045B1BA /* Products */,
				99975AD1EA4D77707AB9A060 /* Pods */,
				3C2E089C3B8429BBF15F0DE8 /* Frameworks */,
			);
			sourceTree = "<group>";
		};
		5204BB7E1D4A79240045B1BA /* Products */ = {
			isa = PBXGroup;
			children = (
				5204BB7D1D4A79240045B1BA /* JLDishwashers.app */,
				5204BB911D4A79240045B1BA /* JLDishwashersTests.xctest */,
			);
			name = Products;
			sourceTree = "<group>";
		};
		5204BB7F1D4A79240045B1BA /* JLDishwashers */ = {
			isa = PBXGroup;
			children = (
				5204BB801D4A79240045B1BA /* AppDelegate.swift */,
				5204BB841D4A79240045B1BA /* Main.storyboard */,
				5204BB871D4A79240045B1BA /* Assets.xcassets */,
				5204BB891D4A79240045B1BA /* LaunchScreen.storyboard */,
				5204BB8C1D4A79240045B1BA /* Info.plist */,
				520BAA611D4B322B005AB1F6 /* ViewController */,
				5204BBA11D4A7A480045B1BA /* Model */,
				5204BBA01D4A7A3A0045B1BA /* Network */,
			);
			path = JLDishwashers;
			sourceTree = "<group>";
		};
		5204BB941D4A79240045B1BA /* JLDishwashersTests */ = {
			isa = PBXGroup;
			children = (
				5204BB951D4A79240045B1BA /* JLDishwashersTests.swift */,
				5204BB971D4A79240045B1BA /* Info.plist */,
				5204BBA61D4A83370045B1BA /* ModelTestCase.swift */,
				52B872201D4C9D200056CCA9 /* NetworkTestCase.swift */,
			);
			path = JLDishwashersTests;
			sourceTree = "<group>";
		};
		5204BBA01D4A7A3A0045B1BA /* Network */ = {
			isa = PBXGroup;
			children = (
				520BAA5F1D4B3113005AB1F6 /* NetworkController.swift */,
			);
			name = Network;
			sourceTree = "<group>";
		};
		5204BBA11D4A7A480045B1BA /* Model */ = {
			isa = PBXGroup;
			children = (
				5204BBA21D4A80B20045B1BA /* Product.swift */,
				5204BBA41D4A81050045B1BA /* Price.swift */,
			);
			name = Model;
			sourceTree = "<group>";
		};
		520BAA611D4B322B005AB1F6 /* ViewController */ = {
			isa = PBXGroup;
			children = (
				520BAA621D4B3251005AB1F6 /* DishwasherCollectionViewController.swift */,
				52B872221D4CA1F50056CCA9 /* CollectionViewCell */,
			);
			name = ViewController;
			sourceTree = "<group>";
		};
		52B872221D4CA1F50056CCA9 /* CollectionViewCell */ = {
			isa = PBXGroup;
			children = (
				52B872231D4CA2210056CCA9 /* DishwasherCollectionViewCell.swift */,
			);
			name = CollectionViewCell;
			sourceTree = "<group>";
		};
		99975AD1EA4D77707AB9A060 /* Pods */ = {
			isa = PBXGroup;
			children = (
				B4B1180490DAA17F9ACA9B66 /* Pods-JLDishwashers.debug.xcconfig */,
				16C70386E05236977F17D4C9 /* Pods-JLDishwashers.release.xcconfig */,
			);
			name = Pods;
			sourceTree = "<group>";
		};
/* End PBXGroup section */

/* Begin PBXNativeTarget section */
		5204BB7C1D4A79240045B1BA /* JLDishwashers */ = {
			isa = PBXNativeTarget;
			buildConfigurationList = 5204BB9A1D4A79240045B1BA /* Build configuration list for PBXNativeTarget "JLDishwashers" */;
			buildPhases = (
				9C8178A4DA01CBED2AD94E78 /* [CP] Check Pods Manifest.lock */,
				5204BB791D4A79240045B1BA /* Sources */,
				5204BB7A1D4A79240045B1BA /* Frameworks */,
				5204BB7B1D4A79240045B1BA /* Resources */,
				EFFBFFAD697AFE09C0B2EE91 /* [CP] Embed Pods Frameworks */,
				30BB983EF905245BA24AD9EA /* [CP] Copy Pods Resources */,
			);
			buildRules = (
			);
			dependencies = (
			);
			name = JLDishwashers;
			productName = JLDishwashers;
			productReference = 5204BB7D1D4A79240045B1BA /* JLDishwashers.app */;
			productType = "com.apple.product-type.application";
		};
		5204BB901D4A79240045B1BA /* JLDishwashersTests */ = {
			isa = PBXNativeTarget;
			buildConfigurationList = 5204BB9D1D4A79240045B1BA /* Build configuration list for PBXNativeTarget "JLDishwashersTests" */;
			buildPhases = (
				5204BB8D1D4A79240045B1BA /* Sources */,
				5204BB8E1D4A79240045B1BA /* Frameworks */,
				5204BB8F1D4A79240045B1BA /* Resources */,
			);
			buildRules = (
			);
			dependencies = (
				5204BB931D4A79240045B1BA /* PBXTargetDependency */,
			);
			name = JLDishwashersTests;
			productName = JLDishwashersTests;
			productReference = 5204BB911D4A79240045B1BA /* JLDishwashersTests.xctest */;
			productType = "com.apple.product-type.bundle.unit-test";
		};
/* End PBXNativeTarget section */

/* Begin PBXProject section */
		5204BB751D4A79240045B1BA /* Project object */ = {
			isa = PBXProject;
			attributes = {
				LastSwiftUpdateCheck = 0730;
				LastUpgradeCheck = 0730;
				ORGANIZATIONNAME = "Paolo Carollo";
				TargetAttributes = {
					5204BB7C1D4A79240045B1BA = {
						CreatedOnToolsVersion = 7.3.1;
					};
					5204BB901D4A79240045B1BA = {
						CreatedOnToolsVersion = 7.3.1;
						TestTargetID = 5204BB7C1D4A79240045B1BA;
					};
				};
			};
			buildConfigurationList = 5204BB781D4A79240045B1BA /* Build configuration list for PBXProject "JLDishwashers" */;
			compatibilityVersion = "Xcode 3.2";
			developmentRegion = English;
			hasScannedForEncodings = 0;
			knownRegions = (
				en,
				Base,
			);
			mainGroup = 5204BB741D4A79240045B1BA;
			productRefGroup = 5204BB7E1D4A79240045B1BA /* Products */;
			projectDirPath = "";
			projectRoot = "";
			targets = (
				5204BB7C1D4A79240045B1BA /* JLDishwashers */,
				5204BB901D4A79240045B1BA /* JLDishwashersTests */,
			);
		};
/* End PBXProject section */

/* Begin PBXResourcesBuildPhase section */
		5204BB7B1D4A79240045B1BA /* Resources */ = {
			isa = PBXResourcesBuildPhase;
			buildActionMask = 2147483647;
			files = (
				5204BB8B1D4A79240045B1BA /* LaunchScreen.storyboard in Resources */,
				5204BB881D4A79240045B1BA /* Assets.xcassets in Resources */,
				5204BB861D4A79240045B1BA /* Main.storyboard in Resources */,
			);
			runOnlyForDeploymentPostprocessing = 0;
		};
		5204BB8F1D4A79240045B1BA /* Resources */ = {
			isa = PBXResourcesBuildPhase;
			buildActionMask = 2147483647;
			files = (
			);
			runOnlyForDeploymentPostprocessing = 0;
		};
/* End PBXResourcesBuildPhase section */

/* Begin PBXShellScriptBuildPhase section */
		30BB983EF905245BA24AD9EA /* [CP] Copy Pods Resources */ = {
			isa = PBXShellScriptBuildPhase;
			buildActionMask = 2147483647;
			files = (
			);
			inputPaths = (
			);
			name = "[CP] Copy Pods Resources";
			outputPaths = (
			);
			runOnlyForDeploymentPostprocessing = 0;
			shellPath = /bin/sh;
			shellScript = "\"${SRCROOT}/Pods/Target Support Files/Pods-JLDishwashers/Pods-JLDishwashers-resources.sh\"\n";
			showEnvVarsInLog = 0;
		};
		9C8178A4DA01CBED2AD94E78 /* [CP] Check Pods Manifest.lock */ = {
			isa = PBXShellScriptBuildPhase;
			buildActionMask = 2147483647;
			files = (
			);
			inputPaths = (
			);
			name = "[CP] Check Pods Manifest.lock";
			outputPaths = (
			);
			runOnlyForDeploymentPostprocessing = 0;
			shellPath = /bin/sh;
			shellScript = "diff \"${PODS_ROOT}/../Podfile.lock\" \"${PODS_ROOT}/Manifest.lock\" > /dev/null\nif [[ $? != 0 ]] ; then\n    cat << EOM\nerror: The sandbox is not in sync with the Podfile.lock. Run 'pod install' or update your CocoaPods installation.\nEOM\n    exit 1\nfi\n";
			showEnvVarsInLog = 0;
		};
		EFFBFFAD697AFE09C0B2EE91 /* [CP] Embed Pods Frameworks */ = {
			isa = PBXShellScriptBuildPhase;
			buildActionMask = 2147483647;
			files = (
			);
			inputPaths = (
			);
			name = "[CP] Embed Pods Frameworks";
			outputPaths = (
			);
			runOnlyForDeploymentPostprocessing = 0;
			shellPath = /bin/sh;
			shellScript = "\"${SRCROOT}/Pods/Target Support Files/Pods-JLDishwashers/Pods-JLDishwashers-frameworks.sh\"\n";
			showEnvVarsInLog = 0;
		};
/* End PBXShellScriptBuildPhase section */

/* Begin PBXSourcesBuildPhase section */
		5204BB791D4A79240045B1BA /* Sources */ = {
			isa = PBXSourcesBuildPhase;
			buildActionMask = 2147483647;
			files = (
				520BAA601D4B3113005AB1F6 /* NetworkController.swift in Sources */,
				5204BB811D4A79240045B1BA /* AppDelegate.swift in Sources */,
				52B872241D4CA2210056CCA9 /* DishwasherCollectionViewCell.swift in Sources */,
				5204BBA31D4A80B20045B1BA /* Product.swift in Sources */,
				520BAA631D4B3251005AB1F6 /* DishwasherCollectionViewController.swift in Sources */,
				5204BBA51D4A81050045B1BA /* Price.swift in Sources */,
			);
			runOnlyForDeploymentPostprocessing = 0;
		};
		5204BB8D1D4A79240045B1BA /* Sources */ = {
			isa = PBXSourcesBuildPhase;
			buildActionMask = 2147483647;
			files = (
				5204BB961D4A79240045B1BA /* JLDishwashersTests.swift in Sources */,
				52B872211D4C9D200056CCA9 /* NetworkTestCase.swift in Sources */,
				5204BBA71D4A83370045B1BA /* ModelTestCase.swift in Sources */,
			);
			runOnlyForDeploymentPostprocessing = 0;
		};
/* End PBXSourcesBuildPhase section */

/* Begin PBXTargetDependency section */
		5204BB931D4A79240045B1BA /* PBXTargetDependency */ = {
			isa = PBXTargetDependency;
			target = 5204BB7C1D4A79240045B1BA /* JLDishwashers */;
			targetProxy = 5204BB921D4A79240045B1BA /* PBXContainerItemProxy */;
		};
/* End PBXTargetDependency section */

/* Begin PBXVariantGroup section */
		5204BB841D4A79240045B1BA /* Main.storyboard */ = {
			isa = PBXVariantGroup;
			children = (
				5204BB851D4A79240045B1BA /* Base */,
			);
			name = Main.storyboard;
			sourceTree = "<group>";
		};
		5204BB891D4A79240045B1BA /* LaunchScreen.storyboard */ = {
			isa = PBXVariantGroup;
			children = (
				5204BB8A1D4A79240045B1BA /* Base */,
			);
			name = LaunchScreen.storyboard;
			sourceTree = "<group>";
		};
/* End PBXVariantGroup section */

/* Begin XCBuildConfiguration section */
		5204BB981D4A79240045B1BA /* Debug */ = {
			isa = XCBuildConfiguration;
			buildSettings = {
				ALWAYS_SEARCH_USER_PATHS = NO;
				CLANG_ANALYZER_NONNULL = YES;
				CLANG_CXX_LANGUAGE_STANDARD = "gnu++0x";
				CLANG_CXX_LIBRARY = "libc++";
				CLANG_ENABLE_MODULES = YES;
				CLANG_ENABLE_OBJC_ARC = YES;
				CLANG_WARN_BOOL_CONVERSION = YES;
				CLANG_WARN_CONSTANT_CONVERSION = YES;
				CLANG_WARN_DIRECT_OBJC_ISA_USAGE = YES_ERROR;
				CLANG_WARN_EMPTY_BODY = YES;
				CLANG_WARN_ENUM_CONVERSION = YES;
				CLANG_WARN_INT_CONVERSION = YES;
				CLANG_WARN_OBJC_ROOT_CLASS = YES_ERROR;
				CLANG_WARN_UNREACHABLE_CODE = YES;
				CLANG_WARN__DUPLICATE_METHOD_MATCH = YES;
				"CODE_SIGN_IDENTITY[sdk=iphoneos*]" = "iPhone Developer";
				COPY_PHASE_STRIP = NO;
				DEBUG_INFORMATION_FORMAT = dwarf;
				ENABLE_STRICT_OBJC_MSGSEND = YES;
				ENABLE_TESTABILITY = YES;
				GCC_C_LANGUAGE_STANDARD = gnu99;
				GCC_DYNAMIC_NO_PIC = NO;
				GCC_NO_COMMON_BLOCKS = YES;
				GCC_OPTIMIZATION_LEVEL = 0;
				GCC_PREPROCESSOR_DEFINITIONS = (
					"DEBUG=1",
					"$(inherited)",
				);
				GCC_WARN_64_TO_32_BIT_CONVERSION = YES;
				GCC_WARN_ABOUT_RETURN_TYPE = YES_ERROR;
				GCC_WARN_UNDECLARED_SELECTOR = YES;
				GCC_WARN_UNINITIALIZED_AUTOS = YES_AGGRESSIVE;
				GCC_WARN_UNUSED_FUNCTION = YES;
				GCC_WARN_UNUSED_VARIABLE = YES;
				IPHONEOS_DEPLOYMENT_TARGET = 9.3;
				MTL_ENABLE_DEBUG_INFO = YES;
				ONLY_ACTIVE_ARCH = YES;
				SDKROOT = iphoneos;
				SWIFT_OPTIMIZATION_LEVEL = "-Onone";
				TARGETED_DEVICE_FAMILY = 2;
			};
			name = Debug;
		};
		5204BB991D4A79240045B1BA /* Release */ = {
			isa = XCBuildConfiguration;
			buildSettings = {
				ALWAYS_SEARCH_USER_PATHS = NO;
				CLANG_ANALYZER_NONNULL = YES;
				CLANG_CXX_LANGUAGE_STANDARD = "gnu++0x";
				CLANG_CXX_LIBRARY = "libc++";
				CLANG_ENABLE_MODULES = YES;
				CLANG_ENABLE_OBJC_ARC = YES;
				CLANG_WARN_BOOL_CONVERSION = YES;
				CLANG_WARN_CONSTANT_CONVERSION = YES;
				CLANG_WARN_DIRECT_OBJC_ISA_USAGE = YES_ERROR;
				CLANG_WARN_EMPTY_BODY = YES;
				CLANG_WARN_ENUM_CONVERSION = YES;
				CLANG_WARN_INT_CONVERSION = YES;
				CLANG_WARN_OBJC_ROOT_CLASS = YES_ERROR;
				CLANG_WARN_UNREACHABLE_CODE = YES;
				CLANG_WARN__DUPLICATE_METHOD_MATCH = YES;
				"CODE_SIGN_IDENTITY[sdk=iphoneos*]" = "iPhone Developer";
				COPY_PHASE_STRIP = NO;
				DEBUG_INFORMATION_FORMAT = "dwarf-with-dsym";
				ENABLE_NS_ASSERTIONS = NO;
				ENABLE_STRICT_OBJC_MSGSEND = YES;
				GCC_C_LANGUAGE_STANDARD = gnu99;
				GCC_NO_COMMON_BLOCKS = YES;
				GCC_WARN_64_TO_32_BIT_CONVERSION = YES;
				GCC_WARN_ABOUT_RETURN_TYPE = YES_ERROR;
				GCC_WARN_UNDECLARED_SELECTOR = YES;
				GCC_WARN_UNINITIALIZED_AUTOS = YES_AGGRESSIVE;
				GCC_WARN_UNUSED_FUNCTION = YES;
				GCC_WARN_UNUSED_VARIABLE = YES;
				IPHONEOS_DEPLOYMENT_TARGET = 9.3;
				MTL_ENABLE_DEBUG_INFO = NO;
				SDKROOT = iphoneos;
				TARGETED_DEVICE_FAMILY = 2;
				VALIDATE_PRODUCT = YES;
			};
			name = Release;
		};
		5204BB9B1D4A79240045B1BA /* Debug */ = {
			isa = XCBuildConfiguration;
			baseConfigurationReference = B4B1180490DAA17F9ACA9B66 /* Pods-JLDishwashers.debug.xcconfig */;
			buildSettings = {
				ASSETCATALOG_COMPILER_APPICON_NAME = AppIcon;
				INFOPLIST_FILE = JLDishwashers/Info.plist;
				LD_RUNPATH_SEARCH_PATHS = "$(inherited) @executable_path/Frameworks";
				PRODUCT_BUNDLE_IDENTIFIER = com.pc.JLDishwashers;
				PRODUCT_NAME = "$(TARGET_NAME)";
			};
			name = Debug;
		};
		5204BB9C1D4A79240045B1BA /* Release */ = {
			isa = XCBuildConfiguration;
			baseConfigurationReference = 16C70386E05236977F17D4C9 /* Pods-JLDishwashers.release.xcconfig */;
			buildSettings = {
				ASSETCATALOG_COMPILER_APPICON_NAME = AppIcon;
				INFOPLIST_FILE = JLDishwashers/Info.plist;
				LD_RUNPATH_SEARCH_PATHS = "$(inherited) @executable_path/Frameworks";
				PRODUCT_BUNDLE_IDENTIFIER = com.pc.JLDishwashers;
				PRODUCT_NAME = "$(TARGET_NAME)";
			};
			name = Release;
		};
		5204BB9E1D4A79240045B1BA /* Debug */ = {
			isa = XCBuildConfiguration;
			buildSettings = {
				BUNDLE_LOADER = "$(TEST_HOST)";
				INFOPLIST_FILE = JLDishwashersTests/Info.plist;
				LD_RUNPATH_SEARCH_PATHS = "$(inherited) @executable_path/Frameworks @loader_path/Frameworks";
				PRODUCT_BUNDLE_IDENTIFIER = com.pc.JLDishwashersTests;
				PRODUCT_NAME = "$(TARGET_NAME)";
				TEST_HOST = "$(BUILT_PRODUCTS_DIR)/JLDishwashers.app/JLDishwashers";
			};
			name = Debug;
		};
		5204BB9F1D4A79240045B1BA /* Release */ = {
			isa = XCBuildConfiguration;
			buildSettings = {
				BUNDLE_LOADER = "$(TEST_HOST)";
				INFOPLIST_FILE = JLDishwashersTests/Info.plist;
				LD_RUNPATH_SEARCH_PATHS = "$(inherited) @executable_path/Frameworks @loader_path/Frameworks";
				PRODUCT_BUNDLE_IDENTIFIER = com.pc.JLDishwashersTests;
				PRODUCT_NAME = "$(TARGET_NAME)";
				TEST_HOST = "$(BUILT_PRODUCTS_DIR)/JLDishwashers.app/JLDishwashers";
			};
			name = Release;
		};
/* End XCBuildConfiguration section */

/* Begin XCConfigurationList section */
		5204BB781D4A79240045B1BA /* Build configuration list for PBXProject "JLDishwashers" */ = {
			isa = XCConfigurationList;
			buildConfigurations = (
				5204BB981D4A79240045B1BA /* Debug */,
				5204BB991D4A79240045B1BA /* Release */,
			);
			defaultConfigurationIsVisible = 0;
			defaultConfigurationName = Release;
		};
		5204BB9A1D4A79240045B1BA /* Build configuration list for PBXNativeTarget "JLDishwashers" */ = {
			isa = XCConfigurationList;
			buildConfigurations = (
				5204BB9B1D4A79240045B1BA /* Debug */,
				5204BB9C1D4A79240045B1BA /* Release */,
			);
			defaultConfigurationIsVisible = 0;
			defaultConfigurationName = Release;
		};
		5204BB9D1D4A79240045B1BA /* Build configuration list for PBXNativeTarget "JLDishwashersTests" */ = {
			isa = XCConfigurationList;
			buildConfigurations = (
				5204BB9E1D4A79240045B1BA /* Debug */,
				5204BB9F1D4A79240045B1BA /* Release */,
			);
			defaultConfigurationIsVisible = 0;
			defaultConfigurationName = Release;
		};
/* End XCConfigurationList section */
	};
	rootObject = 5204BB751D4A79240045B1BA /* Project object */;
}
